{
  "requires": true,
  "lockfileVersion": 1,
  "dependencies": {
    "vue": {
      "version": "2.6.11",
      "resolved": "https://registry.npmjs.org/vue/-/vue-2.6.11.tgz",
      "integrity": "sha512-VfPwgcGABbGAue9+sfrD4PuwFar7gPb1yl1UK1MwXoQPAw0BKSqWfoYCT/ThFrdEVWoI51dBuyCoiNU9bZDZxQ=="
    },
    "vue-emoji-picker": {
      "version": "1.0.1",
      "resolved": "https://registry.npmjs.org/vue-emoji-picker/-/vue-emoji-picker-1.0.1.tgz",
      "integrity": "sha512-phisHAaSg+7xnpi7xlOxFGD46npaQXCLit2T6nAHMlEcFNT1ZUqu/NO3P5FDp6RgjP7o4ueduktnxk9ul0IS9Q=="
    },
    "yarn": {
      "version": "1.22.4",
      "resolved": "https://registry.npmjs.org/yarn/-/yarn-1.22.4.tgz",
      "integrity": "sha512-oYM7hi/lIWm9bCoDMEWgffW8aiNZXCWeZ1/tGy0DWrN6vmzjCXIKu2Y21o8DYVBUtiktwKcNoxyGl/2iKLUNGA=="
    }
  }
}
